Microsoft Visual Studio Solution File, Format Version 12.00
# Visual Studio Version 17
VisualStudioVersion = 17.8.0.0
MinimumVisualStudioVersion = 10.0.40219.1
Project("{2150E333-8FDC-42A3-9474-1A3956D46DE8}") = "src", "src", "{0C91F1AC-1D05-4C3E-8B8A-426DAE4CF8AD}"
EndProject
Project("{2150E333-8FDC-42A3-9474-1A3956D46DE8}") = "tests", "tests", "{A1270C72-125A-4C07-A879-77FAE9776167}"
EndProject
Project("{FAE04EC0-301F-11D3-BF4B-00C04F79EFBC}") = "GapMiner.AppHost", "src\GapMiner.AppHost\GapMiner.AppHost.csproj", "{CA2FA213-F014-4DB3-9448-5201F23074DE}"
EndProject
Project("{FAE04EC0-301F-11D3-BF4B-00C04F79EFBC}") = "GapMiner.ServiceDefaults", "src\GapMiner.ServiceDefaults\GapMiner.ServiceDefaults.csproj", "{CF4318AB-A524-44D2-B25E-FCABFFEB7012}"
EndProject
Project("{FAE04EC0-301F-11D3-BF4B-00C04F79EFBC}") = "GapMiner.Domain", "src\GapMiner.Domain\GapMiner.Domain.csproj", "{B6323E84-C30C-4369-90CD-5D36AFDA5440}"
EndProject
Project("{FAE04EC0-301F-11D3-BF4B-00C04F79EFBC}") = "GapMiner.Infrastructure", "src\GapMiner.Infrastructure\GapMiner.Infrastructure.csproj", "{3EC6A063-6FE1-4F1A-8F07-D00A34D9AEFF}"
EndProject
Project("{FAE04EC0-301F-11D3-BF4B-00C04F79EFBC}") = "GapMiner.Application", "src\GapMiner.Application\GapMiner.Application.csproj", "{CEF3686D-796B-4D7E-A5B5-BC4A92D5666D}"
EndProject
Project("{FAE04EC0-301F-11D3-BF4B-00C04F79EFBC}") = "GapMiner.Api", "src\GapMiner.Api\GapMiner.Api.csproj", "{A82D18A5-0187-4575-9961-425B06BA9B09}"
EndProject
Project("{FAE04EC0-301F-11D3-BF4B-00C04F79EFBC}") = "GapMiner.ScraperWorker", "src\GapMiner.ScraperWorker\GapMiner.ScraperWorker.csproj", "{F941980E-2574-4F96-94E6-EF4763C3E9F1}"
EndProject
Project("{FAE04EC0-301F-11D3-BF4B-00C04F79EFBC}") = "GapMiner.AIWorker", "src\GapMiner.AIWorker\GapMiner.AIWorker.csproj", "{0FC1FC12-1DC1-437E-87A5-FE4FBAB4EC4A}"
EndProject
Project("{FAE04EC0-301F-11D3-BF4B-00C04F79EFBC}") = "GapMiner.Web", "src\GapMiner.Web\GapMiner.Web.csproj", "{D5381B4E-7CA0-4E34-9273-EA402731B266}"
EndProject
Project("{FAE04EC0-301F-11D3-BF4B-00C04F79EFBC}") = "GapMiner.Domain.Tests", "tests\GapMiner.Domain.Tests\GapMiner.Domain.Tests.csproj", "{2BFD2490-4E13-4381-8276-8CF3B1E83742}"
EndProject
Project("{FAE04EC0-301F-11D3-BF4B-00C04F79EFBC}") = "GapMiner.Infrastructure.Tests", "tests\GapMiner.Infrastructure.Tests\GapMiner.Infrastructure.Tests.csproj", "{6F5FE373-6718-4DA4-8794-332568EB52AD}"
EndProject
Project("{FAE04EC0-301F-11D3-BF4B-00C04F79EFBC}") = "GapMiner.Application.Tests", "tests\GapMiner.Application.Tests\GapMiner.Application.Tests.csproj", "{FB1D568C-D1E6-45F6-9BF1-175BD6EE22CB}"
EndProject
Project("{FAE04EC0-301F-11D3-BF4B-00C04F79EFBC}") = "GapMiner.Api.Tests", "tests\GapMiner.Api.Tests\GapMiner.Api.Tests.csproj", "{502BFBCC-32BE-422E-A75F-259F4EE8A329}"
EndProject
Project("{FAE04EC0-301F-11D3-BF4B-00C04F79EFBC}") = "GapMiner.Integration.Tests", "tests\GapMiner.Integration.Tests\GapMiner.Integration.Tests.csproj", "{CC9570F9-702E-476F-998E-00B8BB750CEE}"
EndProject
Global
	GlobalSection(SolutionConfigurationPlatforms) = preSolution
		Debug|Any CPU = Debug|Any CPU
		Release|Any CPU = Release|Any CPU
	EndGlobalSection
	GlobalSection(ProjectConfigurationPlatforms) = postSolution
		{CA2FA213-F014-4DB3-9448-5201F23074DE}.Debug|Any CPU.ActiveCfg = Debug|Any CPU
		{CA2FA213-F014-4DB3-9448-5201F23074DE}.Debug|Any CPU.Build.0 = Debug|Any CPU
		{CA2FA213-F014-4DB3-9448-5201F23074DE}.Release|Any CPU.ActiveCfg = Release|Any CPU
		{CA2FA213-F014-4DB3-9448-5201F23074DE}.Release|Any CPU.Build.0 = Release|Any CPU
		{CF4318AB-A524-44D2-B25E-FCABFFEB7012}.Debug|Any CPU.ActiveCfg = Debug|Any CPU
		{CF4318AB-A524-44D2-B25E-FCABFFEB7012}.Debug|Any CPU.Build.0 = Debug|Any CPU
		{CF4318AB-A524-44D2-B25E-FCABFFEB7012}.Release|Any CPU.ActiveCfg = Release|Any CPU
		{CF4318AB-A524-44D2-B25E-FCABFFEB7012}.Release|Any CPU.Build.0 = Release|Any CPU
		{B6323E84-C30C-4369-90CD-5D36AFDA5440}.Debug|Any CPU.ActiveCfg = Debug|Any CPU
		{B6323E84-C30C-4369-90CD-5D36AFDA5440}.Debug|Any CPU.Build.0 = Debug|Any CPU
		{B6323E84-C30C-4369-90CD-5D36AFDA5440}.Release|Any CPU.ActiveCfg = Release|Any CPU
		{B6323E84-C30C-4369-90CD-5D36AFDA5440}.Release|Any CPU.Build.0 = Release|Any CPU
		{3EC6A063-6FE1-4F1A-8F07-D00A34D9AEFF}.Debug|Any CPU.ActiveCfg = Debug|Any CPU
		{3EC6A063-6FE1-4F1A-8F07-D00A34D9AEFF}.Debug|Any CPU.Build.0 = Debug|Any CPU
		{3EC6A063-6FE1-4F1A-8F07-D00A34D9AEFF}.Release|Any CPU.ActiveCfg = Release|Any CPU
		{3EC6A063-6FE1-4F1A-8F07-D00A34D9AEFF}.Release|Any CPU.Build.0 = Release|Any CPU
		{CEF3686D-796B-4D7E-A5B5-BC4A92D5666D}.Debug|Any CPU.ActiveCfg = Debug|Any CPU
		{CEF3686D-796B-4D7E-A5B5-BC4A92D5666D}.Debug|Any CPU.Build.0 = Debug|Any CPU
		{CEF3686D-796B-4D7E-A5B5-BC4A92D5666D}.Release|Any CPU.ActiveCfg = Release|Any CPU
		{CEF3686D-796B-4D7E-A5B5-BC4A92D5666D}.Release|Any CPU.Build.0 = Release|Any CPU
		{A82D18A5-0187-4575-9961-425B06BA9B09}.Debug|Any CPU.ActiveCfg = Debug|Any CPU
		{A82D18A5-0187-4575-9961-425B06BA9B09}.Debug|Any CPU.Build.0 = Debug|Any CPU
		{A82D18A5-0187-4575-9961-425B06BA9B09}.Release|Any CPU.ActiveCfg = Release|Any CPU
		{A82D18A5-0187-4575-9961-425B06BA9B09}.Release|Any CPU.Build.0 = Release|Any CPU
		{F941980E-2574-4F96-94E6-EF4763C3E9F1}.Debug|Any CPU.ActiveCfg = Debug|Any CPU
		{F941980E-2574-4F96-94E6-EF4763C3E9F1}.Debug|Any CPU.Build.0 = Debug|Any CPU
		{F941980E-2574-4F96-94E6-EF4763C3E9F1}.Release|Any CPU.ActiveCfg = Release|Any CPU
		{F941980E-2574-4F96-94E6-EF4763C3E9F1}.Release|Any CPU.Build.0 = Release|Any CPU
		{0FC1FC12-1DC1-437E-87A5-FE4FBAB4EC4A}.Debug|Any CPU.ActiveCfg = Debug|Any CPU
		{0FC1FC12-1DC1-437E-87A5-FE4FBAB4EC4A}.Debug|Any CPU.Build.0 = Debug|Any CPU
		{0FC1FC12-1DC1-437E-87A5-FE4FBAB4EC4A}.Release|Any CPU.ActiveCfg = Release|Any CPU
		{0FC1FC12-1DC1-437E-87A5-FE4FBAB4EC4A}.Release|Any CPU.Build.0 = Release|Any CPU
		{D5381B4E-7CA0-4E34-9273-EA402731B266}.Debug|Any CPU.ActiveCfg = Debug|Any CPU
		{D5381B4E-7CA0-4E34-9273-EA402731B266}.Debug|Any CPU.Build.0 = Debug|Any CPU
		{D5381B4E-7CA0-4E34-9273-EA402731B266}.Release|Any CPU.ActiveCfg = Release|Any CPU
		{D5381B4E-7CA0-4E34-9273-EA402731B266}.Release|Any CPU.Build.0 = Release|Any CPU
		{2BFD2490-4E13-4381-8276-8CF3B1E83742}.Debug|Any CPU.ActiveCfg = Debug|Any CPU
		{2BFD2490-4E13-4381-8276-8CF3B1E83742}.Debug|Any CPU.Build.0 = Debug|Any CPU
		{2BFD2490-4E13-4381-8276-8CF3B1E83742}.Release|Any CPU.ActiveCfg = Release|Any CPU
		{2BFD2490-4E13-4381-8276-8CF3B1E83742}.Release|Any CPU.Build.0 = Release|Any CPU
		{6F5FE373-6718-4DA4-8794-332568EB52AD}.Debug|Any CPU.ActiveCfg = Debug|Any CPU
		{6F5FE373-6718-4DA4-8794-332568EB52AD}.Debug|Any CPU.Build.0 = Debug|Any CPU
		{6F5FE373-6718-4DA4-8794-332568EB52AD}.Release|Any CPU.ActiveCfg = Release|Any CPU
		{6F5FE373-6718-4DA4-8794-332568EB52AD}.Release|Any CPU.Build.0 = Release|Any CPU
		{FB1D568C-D1E6-45F6-9BF1-175BD6EE22CB}.Debug|Any CPU.ActiveCfg = Debug|Any CPU
		{FB1D568C-D1E6-45F6-9BF1-175BD6EE22CB}.Debug|Any CPU.Build.0 = Debug|Any CPU
		{FB1D568C-D1E6-45F6-9BF1-175BD6EE22CB}.Release|Any CPU.ActiveCfg = Release|Any CPU
		{FB1D568C-D1E6-45F6-9BF1-175BD6EE22CB}.Release|Any CPU.Build.0 = Release|Any CPU
		{502BFBCC-32BE-422E-A75F-259F4EE8A329}.Debug|Any CPU.ActiveCfg = Debug|Any CPU
		{502BFBCC-32BE-422E-A75F-259F4EE8A329}.Debug|Any CPU.Build.0 = Debug|Any CPU
		{502BFBCC-32BE-422E-A75F-259F4EE8A329}.Release|Any CPU.ActiveCfg = Release|Any CPU
		{502BFBCC-32BE-422E-A75F-259F4EE8A329}.Release|Any CPU.Build.0 = Release|Any CPU
		{CC9570F9-702E-476F-998E-00B8BB750CEE}.Debug|Any CPU.ActiveCfg = Debug|Any CPU
		{CC9570F9-702E-476F-998E-00B8BB750CEE}.Debug|Any CPU.Build.0 = Debug|Any CPU
		{CC9570F9-702E-476F-998E-00B8BB750CEE}.Release|Any CPU.ActiveCfg = Release|Any CPU
		{CC9570F9-702E-476F-998E-00B8BB750CEE}.Release|Any CPU.Build.0 = Release|Any CPU
	EndGlobalSection
	GlobalSection(SolutionProperties) = preSolution
		HideSolutionNode = FALSE
	EndGlobalSection
	GlobalSection(NestedProjects) = preSolution
		{CA2FA213-F014-4DB3-9448-5201F23074DE} = {0C91F1AC-1D05-4C3E-8B8A-426DAE4CF8AD}
		{CF4318AB-A524-44D2-B25E-FCABFFEB7012} = {0C91F1AC-1D05-4C3E-8B8A-426DAE4CF8AD}
		{B6323E84-C30C-4369-90CD-5D36AFDA5440} = {0C91F1AC-1D05-4C3E-8B8A-426DAE4CF8AD}
		{3EC6A063-6FE1-4F1A-8F07-D00A34D9AEFF} = {0C91F1AC-1D05-4C3E-8B8A-426DAE4CF8AD}
		{CEF3686D-796B-4D7E-A5B5-BC4A92D5666D} = {0C91F1AC-1D05-4C3E-8B8A-426DAE4CF8AD}
		{A82D18A5-0187-4575-9961-425B06BA9B09} = {0C91F1AC-1D05-4C3E-8B8A-426DAE4CF8AD}
		{F941980E-2574-4F96-94E6-EF4763C3E9F1} = {0C91F1AC-1D05-4C3E-8B8A-426DAE4CF8AD}
		{0FC1FC12-1DC1-437E-87A5-FE4FBAB4EC4A} = {0C91F1AC-1D05-4C3E-8B8A-426DAE4CF8AD}
		{D5381B4E-7CA0-4E34-9273-EA402731B266} = {0C91F1AC-1D05-4C3E-8B8A-426DAE4CF8AD}
		{2BFD2490-4E13-4381-8276-8CF3B1E83742} = {A1270C72-125A-4C07-A879-77FAE9776167}
		{6F5FE373-6718-4DA4-8794-332568EB52AD} = {A1270C72-125A-4C07-A879-77FAE9776167}
		{FB1D568C-D1E6-45F6-9BF1-175BD6EE22CB} = {A1270C72-125A-4C07-A879-77FAE9776167}
		{502BFBCC-32BE-422E-A75F-259F4EE8A329} = {A1270C72-125A-4C07-A879-77FAE9776167}
		{CC9570F9-702E-476F-998E-00B8BB750CEE} = {A1270C72-125A-4C07-A879-77FAE9776167}
	EndGlobalSection
EndGlobal
